// !$*UTF8*$!
{
	archiveVersion = 1;
	classes = {
	};
	objectVersion = 46;
	objects = {

/* Begin PBXBuildFile section */
		5265EC6DF460A416CF1BB498 /* Pods_ZupMovies.framework in Frameworks */ = {isa = PBXBuildFile; fileRef = D71ECE01DDE64645982AA7D5 /* Pods_ZupMovies.framework */; };
		861AC82E1E2D725E00FEB45C /* AppDelegate.swift in Sources */ = {isa = PBXBuildFile; fileRef = 861AC82D1E2D725E00FEB45C /* AppDelegate.swift */; };
		861AC8301E2D725E00FEB45C /* ViewController.swift in Sources */ = {isa = PBXBuildFile; fileRef = 861AC82F1E2D725E00FEB45C /* ViewController.swift */; };
		861AC8331E2D725E00FEB45C /* Main.storyboard in Resources */ = {isa = PBXBuildFile; fileRef = 861AC8311E2D725E00FEB45C /* Main.storyboard */; };
		861AC8351E2D725E00FEB45C /* Images.xcassets in Resources */ = {isa = PBXBuildFile; fileRef = 861AC8341E2D725E00FEB45C /* Images.xcassets */; };
		861AC8381E2D725E00FEB45C /* LaunchScreen.storyboard in Resources */ = {isa = PBXBuildFile; fileRef = 861AC8361E2D725E00FEB45C /* LaunchScreen.storyboard */; };
		862340911E310CF200208EAB /* Movie.swift in Sources */ = {isa = PBXBuildFile; fileRef = 862340901E310CF200208EAB /* Movie.swift */; };
		862340951E31106000208EAB /* MovieService.swift in Sources */ = {isa = PBXBuildFile; fileRef = 862340941E31106000208EAB /* MovieService.swift */; };
		867C8BE81E325FFD004584CC /* RequestError.swift in Sources */ = {isa = PBXBuildFile; fileRef = 867C8BE71E325FFD004584CC /* RequestError.swift */; };
		867C8BEA1E326108004584CC /* Button.swift in Sources */ = {isa = PBXBuildFile; fileRef = 867C8BE91E326108004584CC /* Button.swift */; };
		86E125551E310B1400567B0E /* SearchMovie.storyboard in Resources */ = {isa = PBXBuildFile; fileRef = 86E125531E310B1400567B0E /* SearchMovie.storyboard */; };
		86FF05F71E2EBC2B00C9E758 /* MoviesViewController.swift in Sources */ = {isa = PBXBuildFile; fileRef = 86FF05F61E2EBC2B00C9E758 /* MoviesViewController.swift */; };
		86FF05FD1E2EDDBA00C9E758 /* MovieViewController.swift in Sources */ = {isa = PBXBuildFile; fileRef = 86FF05FC1E2EDDBA00C9E758 /* MovieViewController.swift */; };
		86FF05FF1E2EEAB500C9E758 /* MovieCollectionViewCell.swift in Sources */ = {isa = PBXBuildFile; fileRef = 86FF05FE1E2EEAB500C9E758 /* MovieCollectionViewCell.swift */; };
		86FF06221E30257600C9E758 /* SearchMoviesViewController.swift in Sources */ = {isa = PBXBuildFile; fileRef = 86FF06211E30257600C9E758 /* SearchMoviesViewController.swift */; };
		86FF06281E3030D500C9E758 /* MovieTableViewCell.swift in Sources */ = {isa = PBXBuildFile; fileRef = 86FF06271E3030D500C9E758 /* MovieTableViewCell.swift */; };
/* End PBXBuildFile section */

/* Begin PBXFileReference section */
		861AC82A1E2D725E00FEB45C /* ZupMovies.app */ = {isa = PBXFileReference; explicitFileType = wrapper.application; includeInIndex = 0; path = ZupMovies.app; sourceTree = BUILT_PRODUCTS_DIR; };
		861AC82D1E2D725E00FEB45C /* AppDelegate.swift */ = {isa = PBXFileReference; lastKnownFileType = sourcecode.swift; path = AppDelegate.swift; sourceTree = "<group>"; };
		861AC82F1E2D725E00FEB45C /* ViewController.swift */ = {isa = PBXFileReference; lastKnownFileType = sourcecode.swift; path = ViewController.swift; sourceTree = "<group>"; };
		861AC8321E2D725E00FEB45C /* Base */ = {isa = PBXFileReference; lastKnownFileType = file.storyboard; name = Base; path = Base.lproj/Main.storyboard; sourceTree = "<group>"; };
		861AC8341E2D725E00FEB45C /* Images.xcassets */ = {isa = PBXFileReference; lastKnownFileType = folder.assetcatalog; path = Images.xcassets; sourceTree = "<group>"; };
		861AC8371E2D725E00FEB45C /* Base */ = {isa = PBXFileReference; lastKnownFileType = file.storyboard; name = Base; path = Base.lproj/LaunchScreen.storyboard; sourceTree = "<group>"; };
		861AC8391E2D725E00FEB45C /* Info.plist */ = {isa = PBXFileReference; lastKnownFileType = text.plist.xml; path = Info.plist; sourceTree = "<group>"; };
		862340901E310CF200208EAB /* Movie.swift */ = {isa = PBXFileReference; fileEncoding = 4; lastKnownFileType = sourcecode.swift; path = Movie.swift; sourceTree = "<group>"; };
		862340941E31106000208EAB /* MovieService.swift */ = {isa = PBXFileReference; fileEncoding = 4; lastKnownFileType = sourcecode.swift; path = MovieService.swift; sourceTree = "<group>"; };
		867C8BE71E325FFD004584CC /* RequestError.swift */ = {isa = PBXFileReference; fileEncoding = 4; lastKnownFileType = sourcecode.swift; path = RequestError.swift; sourceTree = "<group>"; };
		867C8BE91E326108004584CC /* Button.swift */ = {isa = PBXFileReference; fileEncoding = 4; lastKnownFileType = sourcecode.swift; path = Button.swift; sourceTree = "<group>"; };
		86E125541E310B1400567B0E /* Base */ = {isa = PBXFileReference; lastKnownFileType = file.storyboard; name = Base; path = Base.lproj/SearchMovie.storyboard; sourceTree = "<group>"; };
		86FF05F61E2EBC2B00C9E758 /* MoviesViewController.swift */ = {isa = PBXFileReference; fileEncoding = 4; lastKnownFileType = sourcecode.swift; path = MoviesViewController.swift; sourceTree = "<group>"; };
		86FF05FC1E2EDDBA00C9E758 /* MovieViewController.swift */ = {isa = PBXFileReference; fileEncoding = 4; lastKnownFileType = sourcecode.swift; path = MovieViewController.swift; sourceTree = "<group>"; };
		86FF05FE1E2EEAB500C9E758 /* MovieCollectionViewCell.swift */ = {isa = PBXFileReference; fileEncoding = 4; lastKnownFileType = sourcecode.swift; path = MovieCollectionViewCell.swift; sourceTree = "<group>"; };
		86FF06211E30257600C9E758 /* SearchMoviesViewController.swift */ = {isa = PBXFileReference; fileEncoding = 4; lastKnownFileType = sourcecode.swift; path = SearchMoviesViewController.swift; sourceTree = "<group>"; };
		86FF06271E3030D500C9E758 /* MovieTableViewCell.swift */ = {isa = PBXFileReference; fileEncoding = 4; lastKnownFileType = sourcecode.swift; path = MovieTableViewCell.swift; sourceTree = "<group>"; };
		AE1034DAA181FB917C0F3773 /* Pods-ZupMovies.debug.xcconfig */ = {isa = PBXFileReference; includeInIndex = 1; lastKnownFileType = text.xcconfig; name = "Pods-ZupMovies.debug.xcconfig"; path = "Pods/Target Support Files/Pods-ZupMovies/Pods-ZupMovies.debug.xcconfig"; sourceTree = "<group>"; };
		D0EB1180C15608ADCFE4354E /* Pods-ZupMovies.release.xcconfig */ = {isa = PBXFileReference; includeInIndex = 1; lastKnownFileType = text.xcconfig; name = "Pods-ZupMovies.release.xcconfig"; path = "Pods/Target Support Files/Pods-ZupMovies/Pods-ZupMovies.release.xcconfig"; sourceTree = "<group>"; };
		D71ECE01DDE64645982AA7D5 /* Pods_ZupMovies.framework */ = {isa = PBXFileReference; explicitFileType = wrapper.framework; includeInIndex = 0; path = Pods_ZupMovies.framework; sourceTree = BUILT_PRODUCTS_DIR; };
/* End PBXFileReference section */

/* Begin PBXFrameworksBuildPhase section */
		861AC8271E2D725D00FEB45C /* Frameworks */ = {
			isa = PBXFrameworksBuildPhase;
			buildActionMask = 2147483647;
			files = (
				5265EC6DF460A416CF1BB498 /* Pods_ZupMovies.framework in Frameworks */,
			);
			runOnlyForDeploymentPostprocessing = 0;
		};
/* End PBXFrameworksBuildPhase section */

/* Begin PBXGroup section */
		0278C414E95C82E71A43306D /* Frameworks */ = {
			isa = PBXGroup;
			children = (
				D71ECE01DDE64645982AA7D5 /* Pods_ZupMovies.framework */,
			);
			name = Frameworks;
			sourceTree = "<group>";
		};
		861AC8211E2D725D00FEB45C = {
			isa = PBXGroup;
			children = (
				861AC82C1E2D725E00FEB45C /* ZupMovies */,
				861AC82B1E2D725E00FEB45C /* Products */,
				8D674825BD1775BDC9551FB8 /* Pods */,
				0278C414E95C82E71A43306D /* Frameworks */,
			);
			sourceTree = "<group>";
		};
		861AC82B1E2D725E00FEB45C /* Products */ = {
			isa = PBXGroup;
			children = (
				861AC82A1E2D725E00FEB45C /* ZupMovies.app */,
			);
			name = Products;
			sourceTree = "<group>";
		};
		861AC82C1E2D725E00FEB45C /* ZupMovies */ = {
			isa = PBXGroup;
			children = (
				861AC82D1E2D725E00FEB45C /* AppDelegate.swift */,
				86FF05F01E2D79B600C9E758 /* Cloud */,
				86FF05F11E2D79C200C9E758 /* Model */,
				86FF05F21E2D79C800C9E758 /* View */,
				86FF05F31E2D7A1C00C9E758 /* Assets */,
				86FF05F41E2D7A2500C9E758 /* Supporting Files */,
			);
			path = ZupMovies;
			sourceTree = "<group>";
		};
		867C8BE51E325FBD004584CC /* Service */ = {
			isa = PBXGroup;
			children = (
				862340941E31106000208EAB /* MovieService.swift */,
			);
			name = Service;
			sourceTree = "<group>";
		};
		867C8BE61E325FD6004584CC /* Toolkit */ = {
			isa = PBXGroup;
			children = (
				867C8BE71E325FFD004584CC /* RequestError.swift */,
			);
			name = Toolkit;
			sourceTree = "<group>";
		};
		86FF05F01E2D79B600C9E758 /* Cloud */ = {
			isa = PBXGroup;
			children = (
				867C8BE61E325FD6004584CC /* Toolkit */,
				867C8BE51E325FBD004584CC /* Service */,
			);
			name = Cloud;
			sourceTree = "<group>";
		};
		86FF05F11E2D79C200C9E758 /* Model */ = {
			isa = PBXGroup;
			children = (
				862340901E310CF200208EAB /* Movie.swift */,
			);
			name = Model;
			sourceTree = "<group>";
		};
		86FF05F21E2D79C800C9E758 /* View */ = {
			isa = PBXGroup;
			children = (
				861AC8311E2D725E00FEB45C /* Main.storyboard */,
				86FF05F51E2EBC1300C9E758 /* Generic View Controller */,
				86FF06231E30309200C9E758 /* Search Movie */,
				86FF05FA1E2EC13400C9E758 /* List Movies */,
			);
			name = View;
			sourceTree = "<group>";
		};
		86FF05F31E2D7A1C00C9E758 /* Assets */ = {
			isa = PBXGroup;
			children = (
				861AC8341E2D725E00FEB45C /* Images.xcassets */,
				861AC8361E2D725E00FEB45C /* LaunchScreen.storyboard */,
			);
			name = Assets;
			sourceTree = "<group>";
		};
		86FF05F41E2D7A2500C9E758 /* Supporting Files */ = {
			isa = PBXGroup;
			children = (
				861AC8391E2D725E00FEB45C /* Info.plist */,
			);
			name = "Supporting Files";
			sourceTree = "<group>";
		};
		86FF05F51E2EBC1300C9E758 /* Generic View Controller */ = {
			isa = PBXGroup;
			children = (
				861AC82F1E2D725E00FEB45C /* ViewController.swift */,
				867C8BE91E326108004584CC /* Button.swift */,
			);
			name = "Generic View Controller";
			sourceTree = "<group>";
		};
		86FF05FA1E2EC13400C9E758 /* List Movies */ = {
			isa = PBXGroup;
			children = (
				86FF05F61E2EBC2B00C9E758 /* MoviesViewController.swift */,
				86FF05FC1E2EDDBA00C9E758 /* MovieViewController.swift */,
				86FF05FB1E2EC13E00C9E758 /* Layout */,
			);
			name = "List Movies";
			sourceTree = "<group>";
		};
		86FF05FB1E2EC13E00C9E758 /* Layout */ = {
			isa = PBXGroup;
			children = (
				86FF05FE1E2EEAB500C9E758 /* MovieCollectionViewCell.swift */,
			);
			name = Layout;
			sourceTree = "<group>";
		};
		86FF06231E30309200C9E758 /* Search Movie */ = {
			isa = PBXGroup;
			children = (
				86E125531E310B1400567B0E /* SearchMovie.storyboard */,
				86FF06211E30257600C9E758 /* SearchMoviesViewController.swift */,
				86FF06241E3030AB00C9E758 /* Layout */,
			);
			name = "Search Movie";
			sourceTree = "<group>";
		};
		86FF06241E3030AB00C9E758 /* Layout */ = {
			isa = PBXGroup;
			children = (
				86FF06271E3030D500C9E758 /* MovieTableViewCell.swift */,
			);
			name = Layout;
			sourceTree = "<group>";
		};
		8D674825BD1775BDC9551FB8 /* Pods */ = {
			isa = PBXGroup;
			children = (
				AE1034DAA181FB917C0F3773 /* Pods-ZupMovies.debug.xcconfig */,
				D0EB1180C15608ADCFE4354E /* Pods-ZupMovies.release.xcconfig */,
			);
			name = Pods;
			sourceTree = "<group>";
		};
/* End PBXGroup section */

/* Begin PBXNativeTarget section */
		861AC8291E2D725D00FEB45C /* ZupMovies */ = {
			isa = PBXNativeTarget;
			buildConfigurationList = 861AC83C1E2D725E00FEB45C /* Build configuration list for PBXNativeTarget "ZupMovies" */;
			buildPhases = (
				551A132F2647C7F26F50CF4F /* [CP] Check Pods Manifest.lock */,
				861AC8261E2D725D00FEB45C /* Sources */,
				861AC8271E2D725D00FEB45C /* Frameworks */,
				861AC8281E2D725D00FEB45C /* Resources */,
				053C84CC0A96C076F76D2216 /* [CP] Embed Pods Frameworks */,
				8028083EC8A6E760DA8F79B6 /* [CP] Copy Pods Resources */,
			);
			buildRules = (
			);
			dependencies = (
			);
			name = ZupMovies;
			productName = ZupMovies;
			productReference = 861AC82A1E2D725E00FEB45C /* ZupMovies.app */;
			productType = "com.apple.product-type.application";
		};
/* End PBXNativeTarget section */

/* Begin PBXProject section */
		861AC8221E2D725D00FEB45C /* Project object */ = {
			isa = PBXProject;
			attributes = {
				LastSwiftUpdateCheck = 0820;
				LastUpgradeCheck = 0820;
				ORGANIZATIONNAME = "Larissa Cavalcante";
				TargetAttributes = {
					861AC8291E2D725D00FEB45C = {
						CreatedOnToolsVersion = 8.2;
						DevelopmentTeam = KF2KVXY9S6;
						ProvisioningStyle = Automatic;
					};
				};
			};
			buildConfigurationList = 861AC8251E2D725D00FEB45C /* Build configuration list for PBXProject "ZupMovies" */;
			compatibilityVersion = "Xcode 3.2";
			developmentRegion = English;
			hasScannedForEncodings = 0;
			knownRegions = (
				en,
				Base,
			);
			mainGroup = 861AC8211E2D725D00FEB45C;
			productRefGroup = 861AC82B1E2D725E00FEB45C /* Products */;
			projectDirPath = "";
			projectRoot = "";
			targets = (
				861AC8291E2D725D00FEB45C /* ZupMovies */,
			);
		};
/* End PBXProject section */

/* Begin PBXResourcesBuildPhase section */
		861AC8281E2D725D00FEB45C /* Resources */ = {
			isa = PBXResourcesBuildPhase;
			buildActionMask = 2147483647;
			files = (
				861AC8381E2D725E00FEB45C /* LaunchScreen.storyboard in Resources */,
				861AC8351E2D725E00FEB45C /* Images.xcassets in Resources */,
				861AC8331E2D725E00FEB45C /* Main.storyboard in Resources */,
				86E125551E310B1400567B0E /* SearchMovie.storyboard in Resources */,
			);
			runOnlyForDeploymentPostprocessing = 0;
		};
/* End PBXResourcesBuildPhase section */

/* Begin PBXShellScriptBuildPhase section */
		053C84CC0A96C076F76D2216 /* [CP] Embed Pods Frameworks */ = {
			isa = PBXShellScriptBuildPhase;
			buildActionMask = 2147483647;
			files = (
			);
			inputPaths = (
			);
			name = "[CP] Embed Pods Frameworks";
			outputPaths = (
			);
			runOnlyForDeploymentPostprocessing = 0;
			shellPath = /bin/sh;
			shellScript = "\"${SRCROOT}/Pods/Target Support Files/Pods-ZupMovies/Pods-ZupMovies-frameworks.sh\"\n";
			showEnvVarsInLog = 0;
		};
		551A132F2647C7F26F50CF4F /* [CP] Check Pods Manifest.lock */ = {
			isa = PBXShellScriptBuildPhase;
			buildActionMask = 2147483647;
			files = (
			);
			inputPaths = (
			);
			name = "[CP] Check Pods Manifest.lock";
			outputPaths = (
			);
			runOnlyForDeploymentPostprocessing = 0;
			shellPath = /bin/sh;
			shellScript = "diff \"${PODS_ROOT}/../Podfile.lock\" \"${PODS_ROOT}/Manifest.lock\" > /dev/null\nif [ $? != 0 ] ; then\n    # print error to STDERR\n    echo \"error: The sandbox is not in sync with the Podfile.lock. Run 'pod install' or update your CocoaPods installation.\" >&2\n    exit 1\nfi\n";
			showEnvVarsInLog = 0;
		};
		8028083EC8A6E760DA8F79B6 /* [CP] Copy Pods Resources */ = {
			isa = PBXShellScriptBuildPhase;
			buildActionMask = 2147483647;
			files = (
			);
			inputPaths = (
			);
			name = "[CP] Copy Pods Resources";
			outputPaths = (
			);
			runOnlyForDeploymentPostprocessing = 0;
			shellPath = /bin/sh;
			shellScript = "\"${SRCROOT}/Pods/Target Support Files/Pods-ZupMovies/Pods-ZupMovies-resources.sh\"\n";
			showEnvVarsInLog = 0;
		};
/* End PBXShellScriptBuildPhase section */

/* Begin PBXSourcesBuildPhase section */
		861AC8261E2D725D00FEB45C /* Sources */ = {
			isa = PBXSourcesBuildPhase;
			buildActionMask = 2147483647;
			files = (
				861AC8301E2D725E00FEB45C /* ViewController.swift in Sources */,
				86FF05FD1E2EDDBA00C9E758 /* MovieViewController.swift in Sources */,
				86FF06281E3030D500C9E758 /* MovieTableViewCell.swift in Sources */,
				861AC82E1E2D725E00FEB45C /* AppDelegate.swift in Sources */,
				86FF05FF1E2EEAB500C9E758 /* MovieCollectionViewCell.swift in Sources */,
				86FF06221E30257600C9E758 /* SearchMoviesViewController.swift in Sources */,
				867C8BE81E325FFD004584CC /* RequestError.swift in Sources */,
				862340951E31106000208EAB /* MovieService.swift in Sources */,
				862340911E310CF200208EAB /* Movie.swift in Sources */,
				86FF05F71E2EBC2B00C9E758 /* MoviesViewController.swift in Sources */,
				867C8BEA1E326108004584CC /* Button.swift in Sources */,
			);
			runOnlyForDeploymentPostprocessing = 0;
		};
/* End PBXSourcesBuildPhase section */

/* Begin PBXVariantGroup section */
		861AC8311E2D725E00FEB45C /* Main.storyboard */ = {
			isa = PBXVariantGroup;
			children = (
				861AC8321E2D725E00FEB45C /* Base */,
			);
			name = Main.storyboard;
			sourceTree = "<group>";
		};
		861AC8361E2D725E00FEB45C /* LaunchScreen.storyboard */ = {
			isa = PBXVariantGroup;
			children = (
				861AC8371E2D725E00FEB45C /* Base */,
			);
			name = LaunchScreen.storyboard;
			sourceTree = "<group>";
		};
		86E125531E310B1400567B0E /* SearchMovie.storyboard */ = {
			isa = PBXVariantGroup;
			children = (
				86E125541E310B1400567B0E /* Base */,
			);
			name = SearchMovie.storyboard;
			sourceTree = "<group>";
		};
/* End PBXVariantGroup section */

/* Begin XCBuildConfiguration section */
		861AC83A1E2D725E00FEB45C /* Debug */ = {
			isa = XCBuildConfiguration;
			buildSettings = {
				ALWAYS_SEARCH_USER_PATHS = NO;
				CLANG_ANALYZER_NONNULL = YES;
				CLANG_CXX_LANGUAGE_STANDARD = "gnu++0x";
				CLANG_CXX_LIBRARY = "libc++";
				CLANG_ENABLE_MODULES = YES;
				CLANG_ENABLE_OBJC_ARC = YES;
				CLANG_WARN_BOOL_CONVERSION = YES;
				CLANG_WARN_CONSTANT_CONVERSION = YES;
				CLANG_WARN_DIRECT_OBJC_ISA_USAGE = YES_ERROR;
				CLANG_WARN_DOCUMENTATION_COMMENTS = YES;
				CLANG_WARN_EMPTY_BODY = YES;
				CLANG_WARN_ENUM_CONVERSION = YES;
				CLANG_WARN_INFINITE_RECURSION = YES;
				CLANG_WARN_INT_CONVERSION = YES;
				CLANG_WARN_OBJC_ROOT_CLASS = YES_ERROR;
				CLANG_WARN_SUSPICIOUS_MOVE = YES;
				CLANG_WARN_UNREACHABLE_CODE = YES;
				CLANG_WARN__DUPLICATE_METHOD_MATCH = YES;
				"CODE_SIGN_IDENTITY[sdk=iphoneos*]" = "iPhone Developer";
				COPY_PHASE_STRIP = NO;
				DEBUG_INFORMATION_FORMAT = dwarf;
				ENABLE_STRICT_OBJC_MSGSEND = YES;
				ENABLE_TESTABILITY = YES;
				GCC_C_LANGUAGE_STANDARD = gnu99;
				GCC_DYNAMIC_NO_PIC = NO;
				GCC_NO_COMMON_BLOCKS = YES;
				GCC_OPTIMIZATION_LEVEL = 0;
				GCC_PREPROCESSOR_DEFINITIONS = (
					"DEBUG=1",
					"$(inherited)",
				);
				GCC_WARN_64_TO_32_BIT_CONVERSION = YES;
				GCC_WARN_ABOUT_RETURN_TYPE = YES_ERROR;
				GCC_WARN_UNDECLARED_SELECTOR = YES;
				GCC_WARN_UNINITIALIZED_AUTOS = YES_AGGRESSIVE;
				GCC_WARN_UNUSED_FUNCTION = YES;
				GCC_WARN_UNUSED_VARIABLE = YES;
				IPHONEOS_DEPLOYMENT_TARGET = 10.2;
				MTL_ENABLE_DEBUG_INFO = YES;
				ONLY_ACTIVE_ARCH = YES;
				SDKROOT = iphoneos;
				SWIFT_ACTIVE_COMPILATION_CONDITIONS = DEBUG;
				SWIFT_OPTIMIZATION_LEVEL = "-Onone";
				TARGETED_DEVICE_FAMILY = "1,2";
			};
			name = Debug;
		};
		861AC83B1E2D725E00FEB45C /* Release */ = {
			isa = XCBuildConfiguration;
			buildSettings = {
				ALWAYS_SEARCH_USER_PATHS = NO;
				CLANG_ANALYZER_NONNULL = YES;
				CLANG_CXX_LANGUAGE_STANDARD = "gnu++0x";
				CLANG_CXX_LIBRARY = "libc++";
				CLANG_ENABLE_MODULES = YES;
				CLANG_ENABLE_OBJC_ARC = YES;
				CLANG_WARN_BOOL_CONVERSION = YES;
				CLANG_WARN_CONSTANT_CONVERSION = YES;
				CLANG_WARN_DIRECT_OBJC_ISA_USAGE = YES_ERROR;
				CLANG_WARN_DOCUMENTATION_COMMENTS = YES;
				CLANG_WARN_EMPTY_BODY = YES;
				CLANG_WARN_ENUM_CONVERSION = YES;
				CLANG_WARN_INFINITE_RECURSION = YES;
				CLANG_WARN_INT_CONVERSION = YES;
				CLANG_WARN_OBJC_ROOT_CLASS = YES_ERROR;
				CLANG_WARN_SUSPICIOUS_MOVE = YES;
				CLANG_WARN_UNREACHABLE_CODE = YES;
				CLANG_WARN__DUPLICATE_METHOD_MATCH = YES;
				"CODE_SIGN_IDENTITY[sdk=iphoneos*]" = "iPhone Developer";
				COPY_PHASE_STRIP = NO;
				DEBUG_INFORMATION_FORMAT = "dwarf-with-dsym";
				ENABLE_NS_ASSERTIONS = NO;
				ENABLE_STRICT_OBJC_MSGSEND = YES;
				GCC_C_LANGUAGE_STANDARD = gnu99;
				GCC_NO_COMMON_BLOCKS = YES;
				GCC_WARN_64_TO_32_BIT_CONVERSION = YES;
				GCC_WARN_ABOUT_RETURN_TYPE = YES_ERROR;
				GCC_WARN_UNDECLARED_SELECTOR = YES;
				GCC_WARN_UNINITIALIZED_AUTOS = YES_AGGRESSIVE;
				GCC_WARN_UNUSED_FUNCTION = YES;
				GCC_WARN_UNUSED_VARIABLE = YES;
				IPHONEOS_DEPLOYMENT_TARGET = 10.2;
				MTL_ENABLE_DEBUG_INFO = NO;
				SDKROOT = iphoneos;
				SWIFT_OPTIMIZATION_LEVEL = "-Owholemodule";
				TARGETED_DEVICE_FAMILY = "1,2";
				VALIDATE_PRODUCT = YES;
			};
			name = Release;
		};
		861AC83D1E2D725E00FEB45C /* Debug */ = {
			isa = XCBuildConfiguration;
			baseConfigurationReference = AE1034DAA181FB917C0F3773 /* Pods-ZupMovies.debug.xcconfig */;
			buildSettings = {
				ASSETCATALOG_COMPILER_APPICON_NAME = AppIcon;
				DEVELOPMENT_TEAM = KF2KVXY9S6;
				INFOPLIST_FILE = ZupMovies/Info.plist;
				IPHONEOS_DEPLOYMENT_TARGET = 9.0;
				LD_RUNPATH_SEARCH_PATHS = "$(inherited) @executable_path/Frameworks";
				PRODUCT_BUNDLE_IDENTIFIER = br.com.larissacavalcante.ZupMovies;
				PRODUCT_NAME = "$(TARGET_NAME)";
				SWIFT_VERSION = 3.0;
				TARGETED_DEVICE_FAMILY = 1;
			};
			name = Debug;
		};
		861AC83E1E2D725E00FEB45C /* Release */ = {
			isa = XCBuildConfiguration;
			baseConfigurationReference = D0EB1180C15608ADCFE4354E /* Pods-ZupMovies.release.xcconfig */;
			buildSettings = {
				ASSETCATALOG_COMPILER_APPICON_NAME = AppIcon;
				DEVELOPMENT_TEAM = KF2KVXY9S6;
				INFOPLIST_FILE = ZupMovies/Info.plist;
				IPHONEOS_DEPLOYMENT_TARGET = 9.0;
				LD_RUNPATH_SEARCH_PATHS = "$(inherited) @executable_path/Frameworks";
				PRODUCT_BUNDLE_IDENTIFIER = br.com.larissacavalcante.ZupMovies;
				PRODUCT_NAME = "$(TARGET_NAME)";
				SWIFT_VERSION = 3.0;
				TARGETED_DEVICE_FAMILY = 1;
			};
			name = Release;
		};
/* End XCBuildConfiguration section */

/* Begin XCConfigurationList section */
		861AC8251E2D725D00FEB45C /* Build configuration list for PBXProject "ZupMovies" */ = {
			isa = XCConfigurationList;
			buildConfigurations = (
				861AC83A1E2D725E00FEB45C /* Debug */,
				861AC83B1E2D725E00FEB45C /* Release */,
			);
			defaultConfigurationIsVisible = 0;
			defaultConfigurationName = Release;
		};
		861AC83C1E2D725E00FEB45C /* Build configuration list for PBXNativeTarget "ZupMovies" */ = {
			isa = XCConfigurationList;
			buildConfigurations = (
				861AC83D1E2D725E00FEB45C /* Debug */,
				861AC83E1E2D725E00FEB45C /* Release */,
			);
			defaultConfigurationIsVisible = 0;
			defaultConfigurationName = Release;
		};
/* End XCConfigurationList section */
	};
	rootObject = 861AC8221E2D725D00FEB45C /* Project object */;
}
